
Microsoft Visual Studio Solution File, Format Version 12.00
# Visual Studio Version 16
VisualStudioVersion = 16.0.31624.102
MinimumVisualStudioVersion = 10.0.40219.1
Project("{9A19103F-16F7-4668-BE54-9A1E7A4F7556}") = "lab_op_2_Csharp", "lab_op_2_Csharp.csproj", "{B15FD3EE-73BD-40FA-A191-E41440F1CCD0}"
EndProject
Global
	GlobalSection(SolutionConfigurationPlatforms) = preSolution
		Debug|Any CPU = Debug|Any CPU
		Release|Any CPU = Release|Any CPU
	EndGlobalSection
	GlobalSection(ProjectConfigurationPlatforms) = postSolution
		{B15FD3EE-73BD-40FA-A191-E41440F1CCD0}.Debug|Any CPU.ActiveCfg = Debug|Any CPU
		{B15FD3EE-73BD-40FA-A191-E41440F1CCD0}.Debug|Any CPU.Build.0 = Debug|Any CPU
		{B15FD3EE-73BD-40FA-A191-E41440F1CCD0}.Release|Any CPU.ActiveCfg = Release|Any CPU
		{B15FD3EE-73BD-40FA-A191-E41440F1CCD0}.Release|Any CPU.Build.0 = Release|Any CPU
	EndGlobalSection
	GlobalSection(SolutionProperties) = preSolution
		HideSolutionNode = FALSE
	EndGlobalSection
	GlobalSection(ExtensibilityGlobals) = postSolution
		SolutionGuid = {D9D62C55-AB45-41A1-98D3-626E20145EA7}
	EndGlobalSection
EndGlobal
