
Microsoft Visual Studio Solution File, Format Version 12.00
# Visual Studio Version 16
VisualStudioVersion = 16.0.31624.102
MinimumVisualStudioVersion = 10.0.40219.1
Project("{FAE04EC0-301F-11D3-BF4B-00C04F79EFBC}") = "lab_op_3_Csharp", "lab_op_3_Csharp\lab_op_3_Csharp.csproj", "{82A9E923-96FC-477C-825E-5606F2AB571D}"
EndProject
Global
	GlobalSection(SolutionConfigurationPlatforms) = preSolution
		Debug|Any CPU = Debug|Any CPU
		Release|Any CPU = Release|Any CPU
	EndGlobalSection
	GlobalSection(ProjectConfigurationPlatforms) = postSolution
		{82A9E923-96FC-477C-825E-5606F2AB571D}.Debug|Any CPU.ActiveCfg = Debug|Any CPU
		{82A9E923-96FC-477C-825E-5606F2AB571D}.Debug|Any CPU.Build.0 = Debug|Any CPU
		{82A9E923-96FC-477C-825E-5606F2AB571D}.Release|Any CPU.ActiveCfg = Release|Any CPU
		{82A9E923-96FC-477C-825E-5606F2AB571D}.Release|Any CPU.Build.0 = Release|Any CPU
	EndGlobalSection
	GlobalSection(SolutionProperties) = preSolution
		HideSolutionNode = FALSE
	EndGlobalSection
	GlobalSection(ExtensibilityGlobals) = postSolution
		SolutionGuid = {AFA97EC5-DD95-4137-AC2D-460CF4C7EEC4}
	EndGlobalSection
EndGlobal
